Microsoft Visual Studio Solution File, Format Version 12.00
# Visual Studio Version 17
VisualStudioVersion = 17.5.2.0
MinimumVisualStudioVersion = 10.0.40219.1
Project("{FAE04EC0-301F-11D3-BF4B-00C04F79EFBC}") = "PizzeriaOpita.App", "PizzeriaOpita.App.csproj", "{122FC147-74BA-F3D4-C0C4-41E2FC676AB0}"
EndProject
Global
	GlobalSection(SolutionConfigurationPlatforms) = preSolution
		Debug|Any CPU = Debug|Any CPU
		Release|Any CPU = Release|Any CPU
	EndGlobalSection
	GlobalSection(ProjectConfigurationPlatforms) = postSolution
		{122FC147-74BA-F3D4-C0C4-41E2FC676AB0}.Debug|Any CPU.ActiveCfg = Debug|Any CPU
		{122FC147-74BA-F3D4-C0C4-41E2FC676AB0}.Debug|Any CPU.Build.0 = Debug|Any CPU
		{122FC147-74BA-F3D4-C0C4-41E2FC676AB0}.Release|Any CPU.ActiveCfg = Release|Any CPU
		{122FC147-74BA-F3D4-C0C4-41E2FC676AB0}.Release|Any CPU.Build.0 = Release|Any CPU
	EndGlobalSection
	GlobalSection(SolutionProperties) = preSolution
		HideSolutionNode = FALSE
	EndGlobalSection
	GlobalSection(ExtensibilityGlobals) = postSolution
		SolutionGuid = {FC41B7E2-F862-45CB-B16B-2FBAE7B733D5}
	EndGlobalSection
EndGlobal
